
Microsoft Visual Studio Solution File, Format Version 12.00
# Visual Studio Version 17
VisualStudioVersion = 17.3.32929.385
MinimumVisualStudioVersion = 10.0.40219.1
Project("{FAE04EC0-301F-11D3-BF4B-00C04F79EFBC}") = "NewsReader", "NewsReader\NewsReader.csproj", "{FADAB99C-D1BD-4F23-87B1-FC42B139DC82}"
EndProject
Global
	GlobalSection(SolutionConfigurationPlatforms) = preSolution
		Debug|Any CPU = Debug|Any CPU
		Release|Any CPU = Release|Any CPU
	EndGlobalSection
	GlobalSection(ProjectConfigurationPlatforms) = postSolution
		{FADAB99C-D1BD-4F23-87B1-FC42B139DC82}.Debug|Any CPU.ActiveCfg = Debug|Any CPU
		{FADAB99C-D1BD-4F23-87B1-FC42B139DC82}.Debug|Any CPU.Build.0 = Debug|Any CPU
		{FADAB99C-D1BD-4F23-87B1-FC42B139DC82}.Release|Any CPU.ActiveCfg = Release|Any CPU
		{FADAB99C-D1BD-4F23-87B1-FC42B139DC82}.Release|Any CPU.Build.0 = Release|Any CPU
	EndGlobalSection
	GlobalSection(SolutionProperties) = preSolution
		HideSolutionNode = FALSE
	EndGlobalSection
	GlobalSection(ExtensibilityGlobals) = postSolution
		SolutionGuid = {6DFF29F4-2AB4-40A7-A101-F1E61B81F40A}
	EndGlobalSection
EndGlobal
